
Microsoft Visual Studio Solution File, Format Version 12.00
# Visual Studio Version 17
VisualStudioVersion = 17.5.002.0
MinimumVisualStudioVersion = 10.0.40219.1
Project("{2150E333-8FDC-42A3-9474-1A3956D46DE8}") = "Arrays", "Arrays", "{D8EEEAD0-39BB-4EA4-9887-04E442F75ABA}"
EndProject
Project("{9A19103F-16F7-4668-BE54-9A1E7A4F7556}") = "2DArray", "Arrays\2DArray\2DArray.csproj", "{CD9C4CE9-18E4-4C35-8273-ABFC765CCCD5}"
EndProject
Project("{9A19103F-16F7-4668-BE54-9A1E7A4F7556}") = "ArrayLeftRotation", "Arrays\ArrayLeftRotation\ArrayLeftRotation.csproj", "{8EC89C4C-62B5-40FA-A444-5827AE01AAA7}"
EndProject
Project("{9A19103F-16F7-4668-BE54-9A1E7A4F7556}") = "DynamicArray", "Arrays\DynamicArray\DynamicArray.csproj", "{9B59582C-6562-4D41-83E1-8FF502CAD0C6}"
EndProject
Project("{9A19103F-16F7-4668-BE54-9A1E7A4F7556}") = "ReverseArray", "Arrays\ReverseArray\ReverseArray.csproj", "{B52414F9-5288-46B9-BBE3-6A1F7ED02E54}"
EndProject
Project("{2150E333-8FDC-42A3-9474-1A3956D46DE8}") = "Heap", "Heap", "{0A987454-F5EA-460B-8386-E2CDD2DB3406}"
EndProject
Project("{9A19103F-16F7-4668-BE54-9A1E7A4F7556}") = "JesseAndCookies", "Heap\JesseAndCookies\JesseAndCookies.csproj", "{46B6C7E6-56AB-4A5A-A8C5-E5ABA16E35E9}"
EndProject
Project("{9A19103F-16F7-4668-BE54-9A1E7A4F7556}") = "QHeap1", "Heap\QHeap1\QHeap1.csproj", "{4092FD6E-F80D-40B4-AD8F-745812E70E76}"
EndProject
Project("{2150E333-8FDC-42A3-9474-1A3956D46DE8}") = "LinkedLists", "LinkedLists", "{3713163D-2568-4832-B152-5A1165BA1748}"
EndProject
Project("{9A19103F-16F7-4668-BE54-9A1E7A4F7556}") = "CompareTwoLinkedLists", "LinkedLists\CompareTwoLinkedLists\CompareTwoLinkedLists.csproj", "{D20C4C61-1337-4F45-B3A0-A87D551A7059}"
EndProject
Project("{9A19103F-16F7-4668-BE54-9A1E7A4F7556}") = "DeleteANodeFromALinkedList", "LinkedLists\DeleteANodeFromALinkedList\DeleteANodeFromALinkedList.csproj", "{1E484D54-F2F6-4BCD-8959-3C59C3ADEA8B}"
EndProject
Project("{9A19103F-16F7-4668-BE54-9A1E7A4F7556}") = "DeleteDuplicateValueNodesFromASortedLinkedList", "LinkedLists\DeleteDuplicateValueNodesFromASortedLinkedList\DeleteDuplicateValueNodesFromASortedLinkedList.csproj", "{ECE1DA03-765A-47FA-8692-6B368F836343}"
EndProject
Project("{9A19103F-16F7-4668-BE54-9A1E7A4F7556}") = "FindTheMergePointOfTwoJoinedLinkedLists", "LinkedLists\FindTheMergePointOfTwoJoinedLinkedLists\FindTheMergePointOfTwoJoinedLinkedLists.csproj", "{52B381C6-C840-4DC7-876F-A30BB92ADA19}"
EndProject
Project("{9A19103F-16F7-4668-BE54-9A1E7A4F7556}") = "GetTheValueOfTheNodeAtASpecificPositionFromTheTail", "LinkedLists\GetTheValueOfTheNodeAtASpecificPositionFromTheTail\GetTheValueOfTheNodeAtASpecificPositionFromTheTail.csproj", "{B688B3C8-1F97-4D68-9336-650182E15DC8}"
EndProject
Project("{9A19103F-16F7-4668-BE54-9A1E7A4F7556}") = "InsertANodeAtASpecificPositionInALinkedList", "LinkedLists\InsertANodeAtASpecificPositionInALinkedList\InsertANodeAtASpecificPositionInALinkedList.csproj", "{F7E98032-7124-436A-938F-67FE0EB1283B}"
EndProject
Project("{9A19103F-16F7-4668-BE54-9A1E7A4F7556}") = "InsertANodeAtTheHeadOfALinkedList", "LinkedLists\InsertANodeAtTheHeadOfALinkedList\InsertANodeAtTheHeadOfALinkedList.csproj", "{4D8013E4-9531-4F75-A7AE-791EB3CC87FC}"
EndProject
Project("{9A19103F-16F7-4668-BE54-9A1E7A4F7556}") = "InsertANodeAtTheTailOfALinkedList", "LinkedLists\InsertANodeAtTheTailOfALinkedList\InsertANodeAtTheTailOfALinkedList.csproj", "{D51D5061-7164-4085-949B-BE8185BB7AAE}"
EndProject
Project("{9A19103F-16F7-4668-BE54-9A1E7A4F7556}") = "InsertANodeIntoASortedDoublyLinkedList", "LinkedLists\InsertANodeIntoASortedDoublyLinkedList\InsertANodeIntoASortedDoublyLinkedList.csproj", "{F5981C48-97B1-42F4-8E0C-8F625907CBEE}"
EndProject
Project("{9A19103F-16F7-4668-BE54-9A1E7A4F7556}") = "MergeTwoSortedLinkedLists", "LinkedLists\MergeTwoSortedLinkedLists\MergeTwoSortedLinkedLists.csproj", "{515DCD77-C70F-4236-B8AD-B0D95E8052B2}"
EndProject
Project("{9A19103F-16F7-4668-BE54-9A1E7A4F7556}") = "PrintElementsOfALinkedList", "LinkedLists\PrintElementsOfALinkedList\PrintElementsOfALinkedList.csproj", "{D8D7141D-5530-4AD9-9D2E-689C947278C8}"
EndProject
Project("{9A19103F-16F7-4668-BE54-9A1E7A4F7556}") = "PrintTheElementsOfALinkedListInReverse", "LinkedLists\PrintTheElementsOfALinkedListInReverse\PrintTheElementsOfALinkedListInReverse.csproj", "{1AFFC41F-04B6-4278-8B06-6C60BADA4E8C}"
EndProject
Project("{9A19103F-16F7-4668-BE54-9A1E7A4F7556}") = "ReverseADoublyLinkedList", "LinkedLists\ReverseADoublyLinkedList\ReverseADoublyLinkedList.csproj", "{E46F08E1-F72D-4A03-9B0C-556B283C3847}"
EndProject
Project("{2150E333-8FDC-42A3-9474-1A3956D46DE8}") = "Stacks", "Stacks", "{7B3A2D8E-0428-423F-80F6-D0A67E553A35}"
EndProject
Project("{9A19103F-16F7-4668-BE54-9A1E7A4F7556}") = "EqualStacks", "Stacks\EqualStacks\EqualStacks.csproj", "{424C6FD7-B36B-41BA-910F-FBC00C1BA650}"
EndProject
Project("{9A19103F-16F7-4668-BE54-9A1E7A4F7556}") = "MaximumElemen", "Stacks\MaximumElemen\MaximumElemen.csproj", "{8F3E2F5D-C969-4AEF-A33E-82268AAAB8CE}"
EndProject
Project("{2150E333-8FDC-42A3-9474-1A3956D46DE8}") = "Trees", "Trees", "{2B50CD69-699F-4889-98BE-EF68491DB381}"
EndProject
Project("{9A19103F-16F7-4668-BE54-9A1E7A4F7556}") = "BinarySearchTreeInsertion", "Trees\BinarySearchTreeInsertion\BinarySearchTreeInsertion.csproj", "{384498D5-66BE-4E13-84E6-32C33C0C4154}"
EndProject
Project("{9A19103F-16F7-4668-BE54-9A1E7A4F7556}") = "BinarySearchTreeLowestCommonAncestor", "Trees\BinarySearchTreeLowestCommonAncestor\BinarySearchTreeLowestCommonAncestor.csproj", "{121942DF-CA75-469B-84EE-1CD7797F15D7}"
EndProject
Project("{9A19103F-16F7-4668-BE54-9A1E7A4F7556}") = "TreeHeightOfABinaryTree", "Trees\TreeHeightOfABinaryTree\TreeHeightOfABinaryTree.csproj", "{848109AA-3CFD-423B-AE54-83B9F3F6D6A7}"
EndProject
Project("{9A19103F-16F7-4668-BE54-9A1E7A4F7556}") = "TreeInorderTraversal", "Trees\TreeInorderTraversal\TreeInorderTraversal.csproj", "{87BCB105-C60D-4E9E-8BFD-B028085B11BA}"
EndProject
Project("{9A19103F-16F7-4668-BE54-9A1E7A4F7556}") = "TreeLevelOrderTraversal", "Trees\TreeLevelOrderTraversal\TreeLevelOrderTraversal.csproj", "{2936B798-62B8-4011-836F-8CC9DB2CC443}"
EndProject
Project("{9A19103F-16F7-4668-BE54-9A1E7A4F7556}") = "TreePostorderTraversal", "Trees\TreePostorderTraversal\TreePostorderTraversal.csproj", "{AE0B972C-D629-4288-B9FE-95274933A67B}"
EndProject
Project("{9A19103F-16F7-4668-BE54-9A1E7A4F7556}") = "TreePreorderTraversal", "Trees\TreePreorderTraversal\TreePreorderTraversal.csproj", "{AEA43AE7-8F38-464C-B131-4D776C71B0E6}"
EndProject
Project("{9A19103F-16F7-4668-BE54-9A1E7A4F7556}") = "TreeTopView", "Trees\TreeTopView\TreeTopView.csproj", "{72A20DA5-EF20-4B71-A6A1-BE6FBB8B5E3C}"
EndProject
Global
	GlobalSection(SolutionConfigurationPlatforms) = preSolution
		Debug|Any CPU = Debug|Any CPU
		Release|Any CPU = Release|Any CPU
	EndGlobalSection
	GlobalSection(ProjectConfigurationPlatforms) = postSolution
		{CD9C4CE9-18E4-4C35-8273-ABFC765CCCD5}.Debug|Any CPU.ActiveCfg = Debug|Any CPU
		{CD9C4CE9-18E4-4C35-8273-ABFC765CCCD5}.Debug|Any CPU.Build.0 = Debug|Any CPU
		{CD9C4CE9-18E4-4C35-8273-ABFC765CCCD5}.Release|Any CPU.ActiveCfg = Release|Any CPU
		{CD9C4CE9-18E4-4C35-8273-ABFC765CCCD5}.Release|Any CPU.Build.0 = Release|Any CPU
		{8EC89C4C-62B5-40FA-A444-5827AE01AAA7}.Debug|Any CPU.ActiveCfg = Debug|Any CPU
		{8EC89C4C-62B5-40FA-A444-5827AE01AAA7}.Debug|Any CPU.Build.0 = Debug|Any CPU
		{8EC89C4C-62B5-40FA-A444-5827AE01AAA7}.Release|Any CPU.ActiveCfg = Release|Any CPU
		{8EC89C4C-62B5-40FA-A444-5827AE01AAA7}.Release|Any CPU.Build.0 = Release|Any CPU
		{9B59582C-6562-4D41-83E1-8FF502CAD0C6}.Debug|Any CPU.ActiveCfg = Debug|Any CPU
		{9B59582C-6562-4D41-83E1-8FF502CAD0C6}.Debug|Any CPU.Build.0 = Debug|Any CPU
		{9B59582C-6562-4D41-83E1-8FF502CAD0C6}.Release|Any CPU.ActiveCfg = Release|Any CPU
		{9B59582C-6562-4D41-83E1-8FF502CAD0C6}.Release|Any CPU.Build.0 = Release|Any CPU
		{B52414F9-5288-46B9-BBE3-6A1F7ED02E54}.Debug|Any CPU.ActiveCfg = Debug|Any CPU
		{B52414F9-5288-46B9-BBE3-6A1F7ED02E54}.Debug|Any CPU.Build.0 = Debug|Any CPU
		{B52414F9-5288-46B9-BBE3-6A1F7ED02E54}.Release|Any CPU.ActiveCfg = Release|Any CPU
		{B52414F9-5288-46B9-BBE3-6A1F7ED02E54}.Release|Any CPU.Build.0 = Release|Any CPU
		{46B6C7E6-56AB-4A5A-A8C5-E5ABA16E35E9}.Debug|Any CPU.ActiveCfg = Debug|Any CPU
		{46B6C7E6-56AB-4A5A-A8C5-E5ABA16E35E9}.Debug|Any CPU.Build.0 = Debug|Any CPU
		{46B6C7E6-56AB-4A5A-A8C5-E5ABA16E35E9}.Release|Any CPU.ActiveCfg = Release|Any CPU
		{46B6C7E6-56AB-4A5A-A8C5-E5ABA16E35E9}.Release|Any CPU.Build.0 = Release|Any CPU
		{4092FD6E-F80D-40B4-AD8F-745812E70E76}.Debug|Any CPU.ActiveCfg = Debug|Any CPU
		{4092FD6E-F80D-40B4-AD8F-745812E70E76}.Debug|Any CPU.Build.0 = Debug|Any CPU
		{4092FD6E-F80D-40B4-AD8F-745812E70E76}.Release|Any CPU.ActiveCfg = Release|Any CPU
		{4092FD6E-F80D-40B4-AD8F-745812E70E76}.Release|Any CPU.Build.0 = Release|Any CPU
		{D20C4C61-1337-4F45-B3A0-A87D551A7059}.Debug|Any CPU.ActiveCfg = Debug|Any CPU
		{D20C4C61-1337-4F45-B3A0-A87D551A7059}.Debug|Any CPU.Build.0 = Debug|Any CPU
		{D20C4C61-1337-4F45-B3A0-A87D551A7059}.Release|Any CPU.ActiveCfg = Release|Any CPU
		{D20C4C61-1337-4F45-B3A0-A87D551A7059}.Release|Any CPU.Build.0 = Release|Any CPU
		{1E484D54-F2F6-4BCD-8959-3C59C3ADEA8B}.Debug|Any CPU.ActiveCfg = Debug|Any CPU
		{1E484D54-F2F6-4BCD-8959-3C59C3ADEA8B}.Debug|Any CPU.Build.0 = Debug|Any CPU
		{1E484D54-F2F6-4BCD-8959-3C59C3ADEA8B}.Release|Any CPU.ActiveCfg = Release|Any CPU
		{1E484D54-F2F6-4BCD-8959-3C59C3ADEA8B}.Release|Any CPU.Build.0 = Release|Any CPU
		{ECE1DA03-765A-47FA-8692-6B368F836343}.Debug|Any CPU.ActiveCfg = Debug|Any CPU
		{ECE1DA03-765A-47FA-8692-6B368F836343}.Debug|Any CPU.Build.0 = Debug|Any CPU
		{ECE1DA03-765A-47FA-8692-6B368F836343}.Release|Any CPU.ActiveCfg = Release|Any CPU
		{ECE1DA03-765A-47FA-8692-6B368F836343}.Release|Any CPU.Build.0 = Release|Any CPU
		{52B381C6-C840-4DC7-876F-A30BB92ADA19}.Debug|Any CPU.ActiveCfg = Debug|Any CPU
		{52B381C6-C840-4DC7-876F-A30BB92ADA19}.Debug|Any CPU.Build.0 = Debug|Any CPU
		{52B381C6-C840-4DC7-876F-A30BB92ADA19}.Release|Any CPU.ActiveCfg = Release|Any CPU
		{52B381C6-C840-4DC7-876F-A30BB92ADA19}.Release|Any CPU.Build.0 = Release|Any CPU
		{B688B3C8-1F97-4D68-9336-650182E15DC8}.Debug|Any CPU.ActiveCfg = Debug|Any CPU
		{B688B3C8-1F97-4D68-9336-650182E15DC8}.Debug|Any CPU.Build.0 = Debug|Any CPU
		{B688B3C8-1F97-4D68-9336-650182E15DC8}.Release|Any CPU.ActiveCfg = Release|Any CPU
		{B688B3C8-1F97-4D68-9336-650182E15DC8}.Release|Any CPU.Build.0 = Release|Any CPU
		{F7E98032-7124-436A-938F-67FE0EB1283B}.Debug|Any CPU.ActiveCfg = Debug|Any CPU
		{F7E98032-7124-436A-938F-67FE0EB1283B}.Debug|Any CPU.Build.0 = Debug|Any CPU
		{F7E98032-7124-436A-938F-67FE0EB1283B}.Release|Any CPU.ActiveCfg = Release|Any CPU
		{F7E98032-7124-436A-938F-67FE0EB1283B}.Release|Any CPU.Build.0 = Release|Any CPU
		{4D8013E4-9531-4F75-A7AE-791EB3CC87FC}.Debug|Any CPU.ActiveCfg = Debug|Any CPU
		{4D8013E4-9531-4F75-A7AE-791EB3CC87FC}.Debug|Any CPU.Build.0 = Debug|Any CPU
		{4D8013E4-9531-4F75-A7AE-791EB3CC87FC}.Release|Any CPU.ActiveCfg = Release|Any CPU
		{4D8013E4-9531-4F75-A7AE-791EB3CC87FC}.Release|Any CPU.Build.0 = Release|Any CPU
		{D51D5061-7164-4085-949B-BE8185BB7AAE}.Debug|Any CPU.ActiveCfg = Debug|Any CPU
		{D51D5061-7164-4085-949B-BE8185BB7AAE}.Debug|Any CPU.Build.0 = Debug|Any CPU
		{D51D5061-7164-4085-949B-BE8185BB7AAE}.Release|Any CPU.ActiveCfg = Release|Any CPU
		{D51D5061-7164-4085-949B-BE8185BB7AAE}.Release|Any CPU.Build.0 = Release|Any CPU
		{F5981C48-97B1-42F4-8E0C-8F625907CBEE}.Debug|Any CPU.ActiveCfg = Debug|Any CPU
		{F5981C48-97B1-42F4-8E0C-8F625907CBEE}.Debug|Any CPU.Build.0 = Debug|Any CPU
		{F5981C48-97B1-42F4-8E0C-8F625907CBEE}.Release|Any CPU.ActiveCfg = Release|Any CPU
		{F5981C48-97B1-42F4-8E0C-8F625907CBEE}.Release|Any CPU.Build.0 = Release|Any CPU
		{515DCD77-C70F-4236-B8AD-B0D95E8052B2}.Debug|Any CPU.ActiveCfg = Debug|Any CPU
		{515DCD77-C70F-4236-B8AD-B0D95E8052B2}.Debug|Any CPU.Build.0 = Debug|Any CPU
		{515DCD77-C70F-4236-B8AD-B0D95E8052B2}.Release|Any CPU.ActiveCfg = Release|Any CPU
		{515DCD77-C70F-4236-B8AD-B0D95E8052B2}.Release|Any CPU.Build.0 = Release|Any CPU
		{D8D7141D-5530-4AD9-9D2E-689C947278C8}.Debug|Any CPU.ActiveCfg = Debug|Any CPU
		{D8D7141D-5530-4AD9-9D2E-689C947278C8}.Debug|Any CPU.Build.0 = Debug|Any CPU
		{D8D7141D-5530-4AD9-9D2E-689C947278C8}.Release|Any CPU.ActiveCfg = Release|Any CPU
		{D8D7141D-5530-4AD9-9D2E-689C947278C8}.Release|Any CPU.Build.0 = Release|Any CPU
		{1AFFC41F-04B6-4278-8B06-6C60BADA4E8C}.Debug|Any CPU.ActiveCfg = Debug|Any CPU
		{1AFFC41F-04B6-4278-8B06-6C60BADA4E8C}.Debug|Any CPU.Build.0 = Debug|Any CPU
		{1AFFC41F-04B6-4278-8B06-6C60BADA4E8C}.Release|Any CPU.ActiveCfg = Release|Any CPU
		{1AFFC41F-04B6-4278-8B06-6C60BADA4E8C}.Release|Any CPU.Build.0 = Release|Any CPU
		{E46F08E1-F72D-4A03-9B0C-556B283C3847}.Debug|Any CPU.ActiveCfg = Debug|Any CPU
		{E46F08E1-F72D-4A03-9B0C-556B283C3847}.Debug|Any CPU.Build.0 = Debug|Any CPU
		{E46F08E1-F72D-4A03-9B0C-556B283C3847}.Release|Any CPU.ActiveCfg = Release|Any CPU
		{E46F08E1-F72D-4A03-9B0C-556B283C3847}.Release|Any CPU.Build.0 = Release|Any CPU
		{424C6FD7-B36B-41BA-910F-FBC00C1BA650}.Debug|Any CPU.ActiveCfg = Debug|Any CPU
		{424C6FD7-B36B-41BA-910F-FBC00C1BA650}.Debug|Any CPU.Build.0 = Debug|Any CPU
		{424C6FD7-B36B-41BA-910F-FBC00C1BA650}.Release|Any CPU.ActiveCfg = Release|Any CPU
		{424C6FD7-B36B-41BA-910F-FBC00C1BA650}.Release|Any CPU.Build.0 = Release|Any CPU
		{8F3E2F5D-C969-4AEF-A33E-82268AAAB8CE}.Debug|Any CPU.ActiveCfg = Debug|Any CPU
		{8F3E2F5D-C969-4AEF-A33E-82268AAAB8CE}.Debug|Any CPU.Build.0 = Debug|Any CPU
		{8F3E2F5D-C969-4AEF-A33E-82268AAAB8CE}.Release|Any CPU.ActiveCfg = Release|Any CPU
		{8F3E2F5D-C969-4AEF-A33E-82268AAAB8CE}.Release|Any CPU.Build.0 = Release|Any CPU
		{384498D5-66BE-4E13-84E6-32C33C0C4154}.Debug|Any CPU.ActiveCfg = Debug|Any CPU
		{384498D5-66BE-4E13-84E6-32C33C0C4154}.Debug|Any CPU.Build.0 = Debug|Any CPU
		{384498D5-66BE-4E13-84E6-32C33C0C4154}.Release|Any CPU.ActiveCfg = Release|Any CPU
		{384498D5-66BE-4E13-84E6-32C33C0C4154}.Release|Any CPU.Build.0 = Release|Any CPU
		{121942DF-CA75-469B-84EE-1CD7797F15D7}.Debug|Any CPU.ActiveCfg = Debug|Any CPU
		{121942DF-CA75-469B-84EE-1CD7797F15D7}.Debug|Any CPU.Build.0 = Debug|Any CPU
		{121942DF-CA75-469B-84EE-1CD7797F15D7}.Release|Any CPU.ActiveCfg = Release|Any CPU
		{121942DF-CA75-469B-84EE-1CD7797F15D7}.Release|Any CPU.Build.0 = Release|Any CPU
		{848109AA-3CFD-423B-AE54-83B9F3F6D6A7}.Debug|Any CPU.ActiveCfg = Debug|Any CPU
		{848109AA-3CFD-423B-AE54-83B9F3F6D6A7}.Debug|Any CPU.Build.0 = Debug|Any CPU
		{848109AA-3CFD-423B-AE54-83B9F3F6D6A7}.Release|Any CPU.ActiveCfg = Release|Any CPU
		{848109AA-3CFD-423B-AE54-83B9F3F6D6A7}.Release|Any CPU.Build.0 = Release|Any CPU
		{87BCB105-C60D-4E9E-8BFD-B028085B11BA}.Debug|Any CPU.ActiveCfg = Debug|Any CPU
		{87BCB105-C60D-4E9E-8BFD-B028085B11BA}.Debug|Any CPU.Build.0 = Debug|Any CPU
		{87BCB105-C60D-4E9E-8BFD-B028085B11BA}.Release|Any CPU.ActiveCfg = Release|Any CPU
		{87BCB105-C60D-4E9E-8BFD-B028085B11BA}.Release|Any CPU.Build.0 = Release|Any CPU
		{2936B798-62B8-4011-836F-8CC9DB2CC443}.Debug|Any CPU.ActiveCfg = Debug|Any CPU
		{2936B798-62B8-4011-836F-8CC9DB2CC443}.Debug|Any CPU.Build.0 = Debug|Any CPU
		{2936B798-62B8-4011-836F-8CC9DB2CC443}.Release|Any CPU.ActiveCfg = Release|Any CPU
		{2936B798-62B8-4011-836F-8CC9DB2CC443}.Release|Any CPU.Build.0 = Release|Any CPU
		{AE0B972C-D629-4288-B9FE-95274933A67B}.Debug|Any CPU.ActiveCfg = Debug|Any CPU
		{AE0B972C-D629-4288-B9FE-95274933A67B}.Debug|Any CPU.Build.0 = Debug|Any CPU
		{AE0B972C-D629-4288-B9FE-95274933A67B}.Release|Any CPU.ActiveCfg = Release|Any CPU
		{AE0B972C-D629-4288-B9FE-95274933A67B}.Release|Any CPU.Build.0 = Release|Any CPU
		{AEA43AE7-8F38-464C-B131-4D776C71B0E6}.Debug|Any CPU.ActiveCfg = Debug|Any CPU
		{AEA43AE7-8F38-464C-B131-4D776C71B0E6}.Debug|Any CPU.Build.0 = Debug|Any CPU
		{AEA43AE7-8F38-464C-B131-4D776C71B0E6}.Release|Any CPU.ActiveCfg = Release|Any CPU
		{AEA43AE7-8F38-464C-B131-4D776C71B0E6}.Release|Any CPU.Build.0 = Release|Any CPU
		{72A20DA5-EF20-4B71-A6A1-BE6FBB8B5E3C}.Debug|Any CPU.ActiveCfg = Debug|Any CPU
		{72A20DA5-EF20-4B71-A6A1-BE6FBB8B5E3C}.Debug|Any CPU.Build.0 = Debug|Any CPU
		{72A20DA5-EF20-4B71-A6A1-BE6FBB8B5E3C}.Release|Any CPU.ActiveCfg = Release|Any CPU
		{72A20DA5-EF20-4B71-A6A1-BE6FBB8B5E3C}.Release|Any CPU.Build.0 = Release|Any CPU
	EndGlobalSection
	GlobalSection(SolutionProperties) = preSolution
		HideSolutionNode = FALSE
	EndGlobalSection
	GlobalSection(NestedProjects) = preSolution
		{CD9C4CE9-18E4-4C35-8273-ABFC765CCCD5} = {D8EEEAD0-39BB-4EA4-9887-04E442F75ABA}
		{8EC89C4C-62B5-40FA-A444-5827AE01AAA7} = {D8EEEAD0-39BB-4EA4-9887-04E442F75ABA}
		{9B59582C-6562-4D41-83E1-8FF502CAD0C6} = {D8EEEAD0-39BB-4EA4-9887-04E442F75ABA}
		{B52414F9-5288-46B9-BBE3-6A1F7ED02E54} = {D8EEEAD0-39BB-4EA4-9887-04E442F75ABA}
		{46B6C7E6-56AB-4A5A-A8C5-E5ABA16E35E9} = {0A987454-F5EA-460B-8386-E2CDD2DB3406}
		{4092FD6E-F80D-40B4-AD8F-745812E70E76} = {0A987454-F5EA-460B-8386-E2CDD2DB3406}
		{D20C4C61-1337-4F45-B3A0-A87D551A7059} = {3713163D-2568-4832-B152-5A1165BA1748}
		{1E484D54-F2F6-4BCD-8959-3C59C3ADEA8B} = {3713163D-2568-4832-B152-5A1165BA1748}
		{ECE1DA03-765A-47FA-8692-6B368F836343} = {3713163D-2568-4832-B152-5A1165BA1748}
		{52B381C6-C840-4DC7-876F-A30BB92ADA19} = {3713163D-2568-4832-B152-5A1165BA1748}
		{B688B3C8-1F97-4D68-9336-650182E15DC8} = {3713163D-2568-4832-B152-5A1165BA1748}
		{F7E98032-7124-436A-938F-67FE0EB1283B} = {3713163D-2568-4832-B152-5A1165BA1748}
		{4D8013E4-9531-4F75-A7AE-791EB3CC87FC} = {3713163D-2568-4832-B152-5A1165BA1748}
		{D51D5061-7164-4085-949B-BE8185BB7AAE} = {3713163D-2568-4832-B152-5A1165BA1748}
		{F5981C48-97B1-42F4-8E0C-8F625907CBEE} = {3713163D-2568-4832-B152-5A1165BA1748}
		{515DCD77-C70F-4236-B8AD-B0D95E8052B2} = {3713163D-2568-4832-B152-5A1165BA1748}
		{D8D7141D-5530-4AD9-9D2E-689C947278C8} = {3713163D-2568-4832-B152-5A1165BA1748}
		{1AFFC41F-04B6-4278-8B06-6C60BADA4E8C} = {3713163D-2568-4832-B152-5A1165BA1748}
		{E46F08E1-F72D-4A03-9B0C-556B283C3847} = {3713163D-2568-4832-B152-5A1165BA1748}
		{424C6FD7-B36B-41BA-910F-FBC00C1BA650} = {7B3A2D8E-0428-423F-80F6-D0A67E553A35}
		{8F3E2F5D-C969-4AEF-A33E-82268AAAB8CE} = {7B3A2D8E-0428-423F-80F6-D0A67E553A35}
		{384498D5-66BE-4E13-84E6-32C33C0C4154} = {2B50CD69-699F-4889-98BE-EF68491DB381}
		{121942DF-CA75-469B-84EE-1CD7797F15D7} = {2B50CD69-699F-4889-98BE-EF68491DB381}
		{848109AA-3CFD-423B-AE54-83B9F3F6D6A7} = {2B50CD69-699F-4889-98BE-EF68491DB381}
		{87BCB105-C60D-4E9E-8BFD-B028085B11BA} = {2B50CD69-699F-4889-98BE-EF68491DB381}
		{2936B798-62B8-4011-836F-8CC9DB2CC443} = {2B50CD69-699F-4889-98BE-EF68491DB381}
		{AE0B972C-D629-4288-B9FE-95274933A67B} = {2B50CD69-699F-4889-98BE-EF68491DB381}
		{AEA43AE7-8F38-464C-B131-4D776C71B0E6} = {2B50CD69-699F-4889-98BE-EF68491DB381}
		{72A20DA5-EF20-4B71-A6A1-BE6FBB8B5E3C} = {2B50CD69-699F-4889-98BE-EF68491DB381}
	EndGlobalSection
	GlobalSection(ExtensibilityGlobals) = postSolution
		SolutionGuid = {545FED1C-092E-4A57-9460-717EC50E09A1}
	EndGlobalSection
EndGlobal
